
Microsoft Visual Studio Solution File, Format Version 12.00
# Visual Studio Version 17
VisualStudioVersion = 17.14.36109.1 d17.14
MinimumVisualStudioVersion = 10.0.40219.1
Project("{FAE04EC0-301F-11D3-BF4B-00C04F79EFBC}") = "StudentManagementSystem.Domain", "StudentManagementSystem.Domain\StudentManagementSystem.Domain.csproj", "{E76F73A5-0D80-4B32-863A-62210D377492}"
EndProject
Project("{FAE04EC0-301F-11D3-BF4B-00C04F79EFBC}") = "StudentManagementSystem.Shared", "StudentManagementSystem.Shared\StudentManagementSystem.Shared.csproj", "{D3237C56-79F3-42C6-B59D-A1B4497D7100}"
EndProject
Project("{FAE04EC0-301F-11D3-BF4B-00C04F79EFBC}") = "StudentManagementSystem.Infrastuture", "StudentManagementSystem.Infrastuture\StudentManagementSystem.Infrastuture.csproj", "{8DA36C47-7463-49E7-84F6-33FCEFFD9DD3}"
EndProject
Project("{FAE04EC0-301F-11D3-BF4B-00C04F79EFBC}") = "StudentManagementSystem.Api", "StudentManagementSystem.Api\StudentManagementSystem.Api.csproj", "{D9BF62F0-6006-4FCD-B0CC-5AAD3738BC3E}"
EndProject
Project("{FAE04EC0-301F-11D3-BF4B-00C04F79EFBC}") = "StudentManagementSystem.Application", "StudentManagementSystem.Application\StudentManagementSystem.Application.csproj", "{3CDF1691-6BCA-4AA2-8A8D-7D94E32E76B2}"
EndProject
Global
	GlobalSection(SolutionConfigurationPlatforms) = preSolution
		Debug|Any CPU = Debug|Any CPU
		Release|Any CPU = Release|Any CPU
	EndGlobalSection
	GlobalSection(ProjectConfigurationPlatforms) = postSolution
		{E76F73A5-0D80-4B32-863A-62210D377492}.Debug|Any CPU.ActiveCfg = Debug|Any CPU
		{E76F73A5-0D80-4B32-863A-62210D377492}.Debug|Any CPU.Build.0 = Debug|Any CPU
		{E76F73A5-0D80-4B32-863A-62210D377492}.Release|Any CPU.ActiveCfg = Release|Any CPU
		{E76F73A5-0D80-4B32-863A-62210D377492}.Release|Any CPU.Build.0 = Release|Any CPU
		{D3237C56-79F3-42C6-B59D-A1B4497D7100}.Debug|Any CPU.ActiveCfg = Debug|Any CPU
		{D3237C56-79F3-42C6-B59D-A1B4497D7100}.Debug|Any CPU.Build.0 = Debug|Any CPU
		{D3237C56-79F3-42C6-B59D-A1B4497D7100}.Release|Any CPU.ActiveCfg = Release|Any CPU
		{D3237C56-79F3-42C6-B59D-A1B4497D7100}.Release|Any CPU.Build.0 = Release|Any CPU
		{8DA36C47-7463-49E7-84F6-33FCEFFD9DD3}.Debug|Any CPU.ActiveCfg = Debug|Any CPU
		{8DA36C47-7463-49E7-84F6-33FCEFFD9DD3}.Debug|Any CPU.Build.0 = Debug|Any CPU
		{8DA36C47-7463-49E7-84F6-33FCEFFD9DD3}.Release|Any CPU.ActiveCfg = Release|Any CPU
		{8DA36C47-7463-49E7-84F6-33FCEFFD9DD3}.Release|Any CPU.Build.0 = Release|Any CPU
		{D9BF62F0-6006-4FCD-B0CC-5AAD3738BC3E}.Debug|Any CPU.ActiveCfg = Debug|Any CPU
		{D9BF62F0-6006-4FCD-B0CC-5AAD3738BC3E}.Debug|Any CPU.Build.0 = Debug|Any CPU
		{D9BF62F0-6006-4FCD-B0CC-5AAD3738BC3E}.Release|Any CPU.ActiveCfg = Release|Any CPU
		{D9BF62F0-6006-4FCD-B0CC-5AAD3738BC3E}.Release|Any CPU.Build.0 = Release|Any CPU
		{3CDF1691-6BCA-4AA2-8A8D-7D94E32E76B2}.Debug|Any CPU.ActiveCfg = Debug|Any CPU
		{3CDF1691-6BCA-4AA2-8A8D-7D94E32E76B2}.Debug|Any CPU.Build.0 = Debug|Any CPU
		{3CDF1691-6BCA-4AA2-8A8D-7D94E32E76B2}.Release|Any CPU.ActiveCfg = Release|Any CPU
		{3CDF1691-6BCA-4AA2-8A8D-7D94E32E76B2}.Release|Any CPU.Build.0 = Release|Any CPU
	EndGlobalSection
	GlobalSection(SolutionProperties) = preSolution
		HideSolutionNode = FALSE
	EndGlobalSection
	GlobalSection(ExtensibilityGlobals) = postSolution
		SolutionGuid = {E9CF55A9-3EA4-4F08-9B40-CA36DA1E6733}
	EndGlobalSection
EndGlobal
